
Microsoft Visual Studio Solution File, Format Version 12.00
# Visual Studio Version 17
VisualStudioVersion = 17.3.32804.467
MinimumVisualStudioVersion = 10.0.40219.1
Project("{FAE04EC0-301F-11D3-BF4B-00C04F79EFBC}") = "LambdaExpressionDemo", "LambdaExpressionDemo\LambdaExpressionDemo.csproj", "{0F29EBC2-B327-4549-9989-D73EEACA61C1}"
EndProject
Global
	GlobalSection(SolutionConfigurationPlatforms) = preSolution
		Debug|Any CPU = Debug|Any CPU
		Release|Any CPU = Release|Any CPU
	EndGlobalSection
	GlobalSection(ProjectConfigurationPlatforms) = postSolution
		{0F29EBC2-B327-4549-9989-D73EEACA61C1}.Debug|Any CPU.ActiveCfg = Debug|Any CPU
		{0F29EBC2-B327-4549-9989-D73EEACA61C1}.Debug|Any CPU.Build.0 = Debug|Any CPU
		{0F29EBC2-B327-4549-9989-D73EEACA61C1}.Release|Any CPU.ActiveCfg = Release|Any CPU
		{0F29EBC2-B327-4549-9989-D73EEACA61C1}.Release|Any CPU.Build.0 = Release|Any CPU
	EndGlobalSection
	GlobalSection(SolutionProperties) = preSolution
		HideSolutionNode = FALSE
	EndGlobalSection
	GlobalSection(ExtensibilityGlobals) = postSolution
		SolutionGuid = {045DE0CA-D819-47C5-B598-BD5F64B9681C}
	EndGlobalSection
EndGlobal
